
Microsoft Visual Studio Solution File, Format Version 12.00
# Visual Studio Version 17
VisualStudioVersion = 17.11.35219.272
MinimumVisualStudioVersion = 10.0.40219.1
Project("{2150E333-8FDC-42A3-9474-1A3956D46DE8}") = "src", "src", "{941C91B6-68B7-4432-B435-74CEBA2258ED}"
EndProject
Project("{2150E333-8FDC-42A3-9474-1A3956D46DE8}") = "Solution Items", "Solution Items", "{970C8BCE-DAAD-4DC1-BC92-EECF9320B9BE}"
	ProjectSection(SolutionItems) = preProject
		.gitignore = .gitignore
		common.props = common.props
		LICENSE = LICENSE
		logo.png = logo.png
		README.md = README.md
	EndProjectSection
EndProject
Project("{FAE04EC0-301F-11D3-BF4B-00C04F79EFBC}") = "Schemby.Terminal", "src\Schemby.Terminal\Schemby.Terminal.csproj", "{71137A6C-0D59-4D1C-B6E8-A3BA5A0FE0C5}"
EndProject
Project("{FAE04EC0-301F-11D3-BF4B-00C04F79EFBC}") = "Schemby", "src\Schemby\Schemby.csproj", "{B6B1B3B2-CA93-436D-98B9-1B2FE0E50250}"
EndProject
Project("{FAE04EC0-301F-11D3-BF4B-00C04F79EFBC}") = "Schemby.Providers.Oracle", "src\Schemby.Providers.Oracle\Schemby.Providers.Oracle.csproj", "{9533CF29-973C-4FF3-A721-282FC9F02273}"
EndProject
Project("{2150E333-8FDC-42A3-9474-1A3956D46DE8}") = "providers", "providers", "{02EA681E-C7D8-13C7-8484-4AC65E1B71E8}"
EndProject
Project("{FAE04EC0-301F-11D3-BF4B-00C04F79EFBC}") = "Schemby.Contracts", "src\Schemby.Contracts\Schemby.Contracts.csproj", "{6F3670D0-E096-49F4-AB41-78346FCFF776}"
EndProject
Project("{2150E333-8FDC-42A3-9474-1A3956D46DE8}") = "serializers", "serializers", "{D68A5693-CD18-41BA-B66B-3F13161A68A6}"
EndProject
Project("{FAE04EC0-301F-11D3-BF4B-00C04F79EFBC}") = "Schemby.Serializers.Yaml", "src\Schemby.Serializers.Yaml\Schemby.Serializers.Yaml.csproj", "{982A39C9-9BFA-4E2B-85B3-C624651A539B}"
EndProject
Global
	GlobalSection(SolutionConfigurationPlatforms) = preSolution
		Debug|Any CPU = Debug|Any CPU
		Release|Any CPU = Release|Any CPU
	EndGlobalSection
	GlobalSection(ProjectConfigurationPlatforms) = postSolution
		{71137A6C-0D59-4D1C-B6E8-A3BA5A0FE0C5}.Debug|Any CPU.ActiveCfg = Debug|Any CPU
		{71137A6C-0D59-4D1C-B6E8-A3BA5A0FE0C5}.Debug|Any CPU.Build.0 = Debug|Any CPU
		{71137A6C-0D59-4D1C-B6E8-A3BA5A0FE0C5}.Release|Any CPU.ActiveCfg = Release|Any CPU
		{71137A6C-0D59-4D1C-B6E8-A3BA5A0FE0C5}.Release|Any CPU.Build.0 = Release|Any CPU
		{B6B1B3B2-CA93-436D-98B9-1B2FE0E50250}.Debug|Any CPU.ActiveCfg = Debug|Any CPU
		{B6B1B3B2-CA93-436D-98B9-1B2FE0E50250}.Debug|Any CPU.Build.0 = Debug|Any CPU
		{B6B1B3B2-CA93-436D-98B9-1B2FE0E50250}.Release|Any CPU.ActiveCfg = Release|Any CPU
		{B6B1B3B2-CA93-436D-98B9-1B2FE0E50250}.Release|Any CPU.Build.0 = Release|Any CPU
		{9533CF29-973C-4FF3-A721-282FC9F02273}.Debug|Any CPU.ActiveCfg = Debug|Any CPU
		{9533CF29-973C-4FF3-A721-282FC9F02273}.Debug|Any CPU.Build.0 = Debug|Any CPU
		{9533CF29-973C-4FF3-A721-282FC9F02273}.Release|Any CPU.ActiveCfg = Release|Any CPU
		{9533CF29-973C-4FF3-A721-282FC9F02273}.Release|Any CPU.Build.0 = Release|Any CPU
		{6F3670D0-E096-49F4-AB41-78346FCFF776}.Debug|Any CPU.ActiveCfg = Debug|Any CPU
		{6F3670D0-E096-49F4-AB41-78346FCFF776}.Debug|Any CPU.Build.0 = Debug|Any CPU
		{6F3670D0-E096-49F4-AB41-78346FCFF776}.Release|Any CPU.ActiveCfg = Release|Any CPU
		{6F3670D0-E096-49F4-AB41-78346FCFF776}.Release|Any CPU.Build.0 = Release|Any CPU
		{982A39C9-9BFA-4E2B-85B3-C624651A539B}.Debug|Any CPU.ActiveCfg = Debug|Any CPU
		{982A39C9-9BFA-4E2B-85B3-C624651A539B}.Debug|Any CPU.Build.0 = Debug|Any CPU
		{982A39C9-9BFA-4E2B-85B3-C624651A539B}.Release|Any CPU.ActiveCfg = Release|Any CPU
		{982A39C9-9BFA-4E2B-85B3-C624651A539B}.Release|Any CPU.Build.0 = Release|Any CPU
	EndGlobalSection
	GlobalSection(SolutionProperties) = preSolution
		HideSolutionNode = FALSE
	EndGlobalSection
	GlobalSection(NestedProjects) = preSolution
		{71137A6C-0D59-4D1C-B6E8-A3BA5A0FE0C5} = {941C91B6-68B7-4432-B435-74CEBA2258ED}
		{B6B1B3B2-CA93-436D-98B9-1B2FE0E50250} = {941C91B6-68B7-4432-B435-74CEBA2258ED}
		{9533CF29-973C-4FF3-A721-282FC9F02273} = {02EA681E-C7D8-13C7-8484-4AC65E1B71E8}
		{02EA681E-C7D8-13C7-8484-4AC65E1B71E8} = {941C91B6-68B7-4432-B435-74CEBA2258ED}
		{6F3670D0-E096-49F4-AB41-78346FCFF776} = {941C91B6-68B7-4432-B435-74CEBA2258ED}
		{D68A5693-CD18-41BA-B66B-3F13161A68A6} = {941C91B6-68B7-4432-B435-74CEBA2258ED}
		{982A39C9-9BFA-4E2B-85B3-C624651A539B} = {D68A5693-CD18-41BA-B66B-3F13161A68A6}
	EndGlobalSection
	GlobalSection(ExtensibilityGlobals) = postSolution
		SolutionGuid = {0AD8003B-0E87-481F-B7F1-ABB57ED85EB3}
	EndGlobalSection
EndGlobal
